{
  "nodes": {
    "home-manager": {
      "inputs": {
        "nixpkgs": [
          "nixpkgs"
        ]
      },
      "locked": {
        "lastModified": 1702814335,
        "narHash": "sha256-Qck7BAMi3eydzT1WFOzp/SgECetyPpOn1dLgmxH2ebQ=",
        "owner": "nix-community",
        "repo": "home-manager",
        "rev": "e4dba0bd01956170667458be7b45f68170a63651",
        "type": "github"
      },
      "original": {
        "id": "home-manager",
        "type": "indirect"
      }
    },
    "nix-formatter-pack": {
      "inputs": {
        "nixpkgs": [
          "nixpkgs"
        ],
        "nmd": "nmd",
        "nmt": "nmt"
      },
      "locked": {
        "lastModified": 1694984852,
        "narHash": "sha256-A1x55uLb2LT9evsTWYc1U9+iki1AmE5ROxOuCKPf3JE=",
        "owner": "Gerschtli",
        "repo": "nix-formatter-pack",
        "rev": "23795a4daf29ce784b3edc13b9776c7b445c453b",
        "type": "github"
      },
      "original": {
        "owner": "Gerschtli",
        "repo": "nix-formatter-pack",
        "type": "github"
      }
    },
    "nixpkgs": {
      "locked": {
        "lastModified": 1702312524,
        "narHash": "sha256-gkZJRDBUCpTPBvQk25G0B7vfbpEYM5s5OZqghkjZsnE=",
        "owner": "NixOS",
        "repo": "nixpkgs",
        "rev": "a9bf124c46ef298113270b1f84a164865987a91c",
        "type": "github"
      },
      "original": {
        "owner": "NixOS",
        "ref": "nixos-unstable",
        "repo": "nixpkgs",
        "type": "github"
      }
    },
    "nmd": {
      "flake": false,
      "locked": {
        "lastModified": 1666190571,
        "narHash": "sha256-Z1hc7M9X6L+H83o9vOprijpzhTfOBjd0KmUTnpHAVjA=",
        "owner": "rycee",
        "repo": "nmd",
        "rev": "b75d312b4f33bd3294cd8ae5c2ca8c6da2afc169",
        "type": "gitlab"
      },
      "original": {
        "owner": "rycee",
        "repo": "nmd",
        "type": "gitlab"
      }
    },
    "nmt": {
      "flake": false,
      "locked": {
        "lastModified": 1648075362,
        "narHash": "sha256-u36WgzoA84dMVsGXzml4wZ5ckGgfnvS0ryzo/3zn/Pc=",
        "owner": "rycee",
        "repo": "nmt",
        "rev": "d83601002c99b78c89ea80e5e6ba21addcfe12ae",
        "type": "gitlab"
      },
      "original": {
        "owner": "rycee",
        "repo": "nmt",
        "type": "gitlab"
      }
    },
    "nurpkgs": {
      "locked": {
        "lastModified": 1702845925,
        "narHash": "sha256-CHcRQRgHQl4maX23G6I+jvVUzfcUZIA+lnDCQ/lcEAc=",
        "owner": "nix-community",
        "repo": "NUR",
        "rev": "5afd453087f6ad2827ff3937febcf60980b850a3",
        "type": "github"
      },
      "original": {
        "owner": "nix-community",
        "repo": "NUR",
        "type": "github"
      }
    },
    "root": {
      "inputs": {
        "home-manager": "home-manager",
        "nix-formatter-pack": "nix-formatter-pack",
        "nixpkgs": "nixpkgs",
        "nurpkgs": "nurpkgs"
      }
    }
  },
  "root": "root",
  "version": 7
}
