{
  "lockfileVersion": 1,
  "configVersion": 1,
  "workspaces": {
    "": {
      "name": "okf-tools",
      "dependencies": {
        "postprocessing": "^6.38.3",
        "three": "~0.183.0",
      },
    },
  },
  "packages": {
    "postprocessing": ["postprocessing@6.39.2", "", { "peerDependencies": { "three": ">= 0.168.0 < 0.186.0" } }, "sha512-AxPY+xFyVOsz+8bbHSyQBoOK4AUqSQspTXXIsNcKhmGJRm/afHRAwZ8bKC02AeSPII0PW6lbCN84SgAoWFsKKA=="],

    "three": ["three@0.183.2", "", {}, "sha512-di3BsL2FEQ1PA7Hcvn4fyJOlxRRgFYBpMTcyOgkwJIaDOdJMebEFPA+t98EvjuljDx4hNulAGwF6KIjtwI5jgQ=="],
  }
}
